
Microsoft Visual Studio Solution File, Format Version 12.00
# Visual Studio 2013
VisualStudioVersion = 12.0.40629.0
MinimumVisualStudioVersion = 10.0.40219.1
Project("{FAE04EC0-301F-11D3-BF4B-00C04F79EFBC}") = "Haris.Core", "Haris.Core\Haris.Core.csproj", "{EFB56D1C-3F55-4CD1-B0EC-E81E1E8B0C0E}"
EndProject
Project("{FAE04EC0-301F-11D3-BF4B-00C04F79EFBC}") = "Haris.Core.UnitTests", "Haris.Core.UnitTests\Haris.Core.UnitTests.csproj", "{CC35C810-8751-4792-ACA9-C3561D9F99F0}"
EndProject
Project("{FAE04EC0-301F-11D3-BF4B-00C04F79EFBC}") = "Haris.HostApp", "Haris.HostApp\Haris.HostApp.csproj", "{38DF5078-5B6D-482B-B4CB-1AD657033972}"
EndProject
Project("{FAE04EC0-301F-11D3-BF4B-00C04F79EFBC}") = "Haris.DataModel", "Haris.DataModel\Haris.DataModel.csproj", "{329EDE23-6531-44A7-8D53-0A156A89AB7B}"
EndProject
Global
	GlobalSection(SolutionConfigurationPlatforms) = preSolution
		Debug|Any CPU = Debug|Any CPU
		Release|Any CPU = Release|Any CPU
	EndGlobalSection
	GlobalSection(ProjectConfigurationPlatforms) = postSolution
		{EFB56D1C-3F55-4CD1-B0EC-E81E1E8B0C0E}.Debug|Any CPU.ActiveCfg = Debug|Any CPU
		{EFB56D1C-3F55-4CD1-B0EC-E81E1E8B0C0E}.Debug|Any CPU.Build.0 = Debug|Any CPU
		{EFB56D1C-3F55-4CD1-B0EC-E81E1E8B0C0E}.Release|Any CPU.ActiveCfg = Release|Any CPU
		{EFB56D1C-3F55-4CD1-B0EC-E81E1E8B0C0E}.Release|Any CPU.Build.0 = Release|Any CPU
		{CC35C810-8751-4792-ACA9-C3561D9F99F0}.Debug|Any CPU.ActiveCfg = Debug|Any CPU
		{CC35C810-8751-4792-ACA9-C3561D9F99F0}.Debug|Any CPU.Build.0 = Debug|Any CPU
		{CC35C810-8751-4792-ACA9-C3561D9F99F0}.Release|Any CPU.ActiveCfg = Release|Any CPU
		{CC35C810-8751-4792-ACA9-C3561D9F99F0}.Release|Any CPU.Build.0 = Release|Any CPU
		{38DF5078-5B6D-482B-B4CB-1AD657033972}.Debug|Any CPU.ActiveCfg = Debug|Any CPU
		{38DF5078-5B6D-482B-B4CB-1AD657033972}.Debug|Any CPU.Build.0 = Debug|Any CPU
		{38DF5078-5B6D-482B-B4CB-1AD657033972}.Release|Any CPU.ActiveCfg = Release|Any CPU
		{38DF5078-5B6D-482B-B4CB-1AD657033972}.Release|Any CPU.Build.0 = Release|Any CPU
		{329EDE23-6531-44A7-8D53-0A156A89AB7B}.Debug|Any CPU.ActiveCfg = Debug|Any CPU
		{329EDE23-6531-44A7-8D53-0A156A89AB7B}.Debug|Any CPU.Build.0 = Debug|Any CPU
		{329EDE23-6531-44A7-8D53-0A156A89AB7B}.Release|Any CPU.ActiveCfg = Release|Any CPU
		{329EDE23-6531-44A7-8D53-0A156A89AB7B}.Release|Any CPU.Build.0 = Release|Any CPU
	EndGlobalSection
	GlobalSection(SolutionProperties) = preSolution
		HideSolutionNode = FALSE
	EndGlobalSection
EndGlobal
